
Microsoft Visual Studio Solution File, Format Version 12.00
# Visual Studio Version 16
VisualStudioVersion = 16.0.30804.86
MinimumVisualStudioVersion = 15.0.26124.0
Project("{9A19103F-16F7-4668-BE54-9A1E7A4F7556}") = "async", "async\async.csproj", "{ED1BAA7A-F736-45C0-A455-82E2C179868E}"
EndProject
Project("{9A19103F-16F7-4668-BE54-9A1E7A4F7556}") = "People.Service", "net-people-service\People.Service.csproj", "{4103681C-A4B5-431F-B1B4-47FA7492B30C}"
EndProject
Global
	GlobalSection(SolutionConfigurationPlatforms) = preSolution
		Debug|Any CPU = Debug|Any CPU
		Debug|x64 = Debug|x64
		Debug|x86 = Debug|x86
		Release|Any CPU = Release|Any CPU
		Release|x64 = Release|x64
		Release|x86 = Release|x86
	EndGlobalSection
	GlobalSection(ProjectConfigurationPlatforms) = postSolution
		{ED1BAA7A-F736-45C0-A455-82E2C179868E}.Debug|Any CPU.ActiveCfg = Debug|Any CPU
		{ED1BAA7A-F736-45C0-A455-82E2C179868E}.Debug|Any CPU.Build.0 = Debug|Any CPU
		{ED1BAA7A-F736-45C0-A455-82E2C179868E}.Debug|x64.ActiveCfg = Debug|Any CPU
		{ED1BAA7A-F736-45C0-A455-82E2C179868E}.Debug|x64.Build.0 = Debug|Any CPU
		{ED1BAA7A-F736-45C0-A455-82E2C179868E}.Debug|x86.ActiveCfg = Debug|Any CPU
		{ED1BAA7A-F736-45C0-A455-82E2C179868E}.Debug|x86.Build.0 = Debug|Any CPU
		{ED1BAA7A-F736-45C0-A455-82E2C179868E}.Release|Any CPU.ActiveCfg = Release|Any CPU
		{ED1BAA7A-F736-45C0-A455-82E2C179868E}.Release|Any CPU.Build.0 = Release|Any CPU
		{ED1BAA7A-F736-45C0-A455-82E2C179868E}.Release|x64.ActiveCfg = Release|Any CPU
		{ED1BAA7A-F736-45C0-A455-82E2C179868E}.Release|x64.Build.0 = Release|Any CPU
		{ED1BAA7A-F736-45C0-A455-82E2C179868E}.Release|x86.ActiveCfg = Release|Any CPU
		{ED1BAA7A-F736-45C0-A455-82E2C179868E}.Release|x86.Build.0 = Release|Any CPU
		{4103681C-A4B5-431F-B1B4-47FA7492B30C}.Debug|Any CPU.ActiveCfg = Debug|Any CPU
		{4103681C-A4B5-431F-B1B4-47FA7492B30C}.Debug|Any CPU.Build.0 = Debug|Any CPU
		{4103681C-A4B5-431F-B1B4-47FA7492B30C}.Debug|x64.ActiveCfg = Debug|Any CPU
		{4103681C-A4B5-431F-B1B4-47FA7492B30C}.Debug|x64.Build.0 = Debug|Any CPU
		{4103681C-A4B5-431F-B1B4-47FA7492B30C}.Debug|x86.ActiveCfg = Debug|Any CPU
		{4103681C-A4B5-431F-B1B4-47FA7492B30C}.Debug|x86.Build.0 = Debug|Any CPU
		{4103681C-A4B5-431F-B1B4-47FA7492B30C}.Release|Any CPU.ActiveCfg = Release|Any CPU
		{4103681C-A4B5-431F-B1B4-47FA7492B30C}.Release|Any CPU.Build.0 = Release|Any CPU
		{4103681C-A4B5-431F-B1B4-47FA7492B30C}.Release|x64.ActiveCfg = Release|Any CPU
		{4103681C-A4B5-431F-B1B4-47FA7492B30C}.Release|x64.Build.0 = Release|Any CPU
		{4103681C-A4B5-431F-B1B4-47FA7492B30C}.Release|x86.ActiveCfg = Release|Any CPU
		{4103681C-A4B5-431F-B1B4-47FA7492B30C}.Release|x86.Build.0 = Release|Any CPU
	EndGlobalSection
	GlobalSection(SolutionProperties) = preSolution
		HideSolutionNode = FALSE
	EndGlobalSection
	GlobalSection(ExtensibilityGlobals) = postSolution
		SolutionGuid = {5D7083E8-FFE6-4147-9256-1C163F2BAC00}
	EndGlobalSection
EndGlobal
